// !$*UTF8*$!
{
	archiveVersion = 1;
	classes = {
	};
	objectVersion = 50;
	objects = {

/* Begin PBXBuildFile section */
		3F5924152404345000246CC4 /* QuestionData.swift in Sources */ = {isa = PBXBuildFile; fileRef = 3F5924142404345000246CC4 /* QuestionData.swift */; };
		3F8ABBE823FC68D4007638E8 /* AppDelegate.swift in Sources */ = {isa = PBXBuildFile; fileRef = 3F8ABBE723FC68D4007638E8 /* AppDelegate.swift */; };
		3F8ABBEA23FC68D4007638E8 /* SceneDelegate.swift in Sources */ = {isa = PBXBuildFile; fileRef = 3F8ABBE923FC68D4007638E8 /* SceneDelegate.swift */; };
		3F8ABBEC23FC68D4007638E8 /* IntroductionViewController.swift in Sources */ = {isa = PBXBuildFile; fileRef = 3F8ABBEB23FC68D4007638E8 /* IntroductionViewController.swift */; };
		3F8ABBEF23FC68D4007638E8 /* Main.storyboard in Resources */ = {isa = PBXBuildFile; fileRef = 3F8ABBED23FC68D4007638E8 /* Main.storyboard */; };
		3F8ABBF123FC68D5007638E8 /* Assets.xcassets in Resources */ = {isa = PBXBuildFile; fileRef = 3F8ABBF023FC68D5007638E8 /* Assets.xcassets */; };
		3F8ABBF423FC68D5007638E8 /* LaunchScreen.storyboard in Resources */ = {isa = PBXBuildFile; fileRef = 3F8ABBF223FC68D5007638E8 /* LaunchScreen.storyboard */; };
		3FB6B9D523FDC7AA00CFBC35 /* QuestionViewController.swift in Sources */ = {isa = PBXBuildFile; fileRef = 3FB6B9D423FDC7AA00CFBC35 /* QuestionViewController.swift */; };
		3FB6B9D723FDC7C300CFBC35 /* ResultsViewController.swift in Sources */ = {isa = PBXBuildFile; fileRef = 3FB6B9D623FDC7C300CFBC35 /* ResultsViewController.swift */; };
/* End PBXBuildFile section */

/* Begin PBXFileReference section */
		3F5924142404345000246CC4 /* QuestionData.swift */ = {isa = PBXFileReference; lastKnownFileType = sourcecode.swift; path = QuestionData.swift; sourceTree = "<group>"; };
		3F8ABBE423FC68D4007638E8 /* PersonalityQuiz.app */ = {isa = PBXFileReference; explicitFileType = wrapper.application; includeInIndex = 0; path = PersonalityQuiz.app; sourceTree = BUILT_PRODUCTS_DIR; };
		3F8ABBE723FC68D4007638E8 /* AppDelegate.swift */ = {isa = PBXFileReference; lastKnownFileType = sourcecode.swift; path = AppDelegate.swift; sourceTree = "<group>"; };
		3F8ABBE923FC68D4007638E8 /* SceneDelegate.swift */ = {isa = PBXFileReference; lastKnownFileType = sourcecode.swift; path = SceneDelegate.swift; sourceTree = "<group>"; };
		3F8ABBEB23FC68D4007638E8 /* IntroductionViewController.swift */ = {isa = PBXFileReference; lastKnownFileType = sourcecode.swift; path = IntroductionViewController.swift; sourceTree = "<group>"; };
		3F8ABBEE23FC68D4007638E8 /* Base */ = {isa = PBXFileReference; lastKnownFileType = file.storyboard; name = Base; path = Base.lproj/Main.storyboard; sourceTree = "<group>"; };
		3F8ABBF023FC68D5007638E8 /* Assets.xcassets */ = {isa = PBXFileReference; lastKnownFileType = folder.assetcatalog; path = Assets.xcassets; sourceTree = "<group>"; };
		3F8ABBF323FC68D5007638E8 /* Base */ = {isa = PBXFileReference; lastKnownFileType = file.storyboard; name = Base; path = Base.lproj/LaunchScreen.storyboard; sourceTree = "<group>"; };
		3F8ABBF523FC68D5007638E8 /* Info.plist */ = {isa = PBXFileReference; lastKnownFileType = text.plist.xml; path = Info.plist; sourceTree = "<group>"; };
		3FB6B9CD23FDC75500CFBC35 /* PersonalityQuiz-Bridging-Header.h */ = {isa = PBXFileReference; lastKnownFileType = sourcecode.c.h; path = "PersonalityQuiz-Bridging-Header.h"; sourceTree = "<group>"; };
		3FB6B9D423FDC7AA00CFBC35 /* QuestionViewController.swift */ = {isa = PBXFileReference; lastKnownFileType = sourcecode.swift; path = QuestionViewController.swift; sourceTree = "<group>"; };
		3FB6B9D623FDC7C300CFBC35 /* ResultsViewController.swift */ = {isa = PBXFileReference; lastKnownFileType = sourcecode.swift; path = ResultsViewController.swift; sourceTree = "<group>"; };
/* End PBXFileReference section */

/* Begin PBXFrameworksBuildPhase section */
		3F8ABBE123FC68D4007638E8 /* Frameworks */ = {
			isa = PBXFrameworksBuildPhase;
			buildActionMask = 2147483647;
			files = (
			);
			runOnlyForDeploymentPostprocessing = 0;
		};
/* End PBXFrameworksBuildPhase section */

/* Begin PBXGroup section */
		3F8ABBDB23FC68D4007638E8 = {
			isa = PBXGroup;
			children = (
				3F8ABBE623FC68D4007638E8 /* PersonalityQuiz */,
				3F8ABBE523FC68D4007638E8 /* Products */,
			);
			sourceTree = "<group>";
		};
		3F8ABBE523FC68D4007638E8 /* Products */ = {
			isa = PBXGroup;
			children = (
				3F8ABBE423FC68D4007638E8 /* PersonalityQuiz.app */,
			);
			name = Products;
			sourceTree = "<group>";
		};
		3F8ABBE623FC68D4007638E8 /* PersonalityQuiz */ = {
			isa = PBXGroup;
			children = (
				3F8ABBE723FC68D4007638E8 /* AppDelegate.swift */,
				3F8ABBE923FC68D4007638E8 /* SceneDelegate.swift */,
				3F8ABBEB23FC68D4007638E8 /* IntroductionViewController.swift */,
				3FB6B9D423FDC7AA00CFBC35 /* QuestionViewController.swift */,
				3FB6B9D623FDC7C300CFBC35 /* ResultsViewController.swift */,
				3F8ABBED23FC68D4007638E8 /* Main.storyboard */,
				3F5924142404345000246CC4 /* QuestionData.swift */,
				3F8ABBF023FC68D5007638E8 /* Assets.xcassets */,
				3F8ABBF223FC68D5007638E8 /* LaunchScreen.storyboard */,
				3F8ABBF523FC68D5007638E8 /* Info.plist */,
				3FB6B9CD23FDC75500CFBC35 /* PersonalityQuiz-Bridging-Header.h */,
			);
			path = PersonalityQuiz;
			sourceTree = "<group>";
		};
/* End PBXGroup section */

/* Begin PBXNativeTarget section */
		3F8ABBE323FC68D4007638E8 /* PersonalityQuiz */ = {
			isa = PBXNativeTarget;
			buildConfigurationList = 3F8ABBF823FC68D5007638E8 /* Build configuration list for PBXNativeTarget "PersonalityQuiz" */;
			buildPhases = (
				3F8ABBE023FC68D4007638E8 /* Sources */,
				3F8ABBE123FC68D4007638E8 /* Frameworks */,
				3F8ABBE223FC68D4007638E8 /* Resources */,
			);
			buildRules = (
			);
			dependencies = (
			);
			name = PersonalityQuiz;
			productName = PersonalityQuiz;
			productReference = 3F8ABBE423FC68D4007638E8 /* PersonalityQuiz.app */;
			productType = "com.apple.product-type.application";
		};
/* End PBXNativeTarget section */

/* Begin PBXProject section */
		3F8ABBDC23FC68D4007638E8 /* Project object */ = {
			isa = PBXProject;
			attributes = {
				LastSwiftUpdateCheck = 1130;
				LastUpgradeCheck = 1130;
				ORGANIZATIONNAME = Ramon;
				TargetAttributes = {
					3F8ABBE323FC68D4007638E8 = {
						CreatedOnToolsVersion = 11.3;
						LastSwiftMigration = 1130;
					};
				};
			};
			buildConfigurationList = 3F8ABBDF23FC68D4007638E8 /* Build configuration list for PBXProject "PersonalityQuiz" */;
			compatibilityVersion = "Xcode 9.3";
			developmentRegion = en;
			hasScannedForEncodings = 0;
			knownRegions = (
				en,
				Base,
			);
			mainGroup = 3F8ABBDB23FC68D4007638E8;
			productRefGroup = 3F8ABBE523FC68D4007638E8 /* Products */;
			projectDirPath = "";
			projectRoot = "";
			targets = (
				3F8ABBE323FC68D4007638E8 /* PersonalityQuiz */,
			);
		};
/* End PBXProject section */

/* Begin PBXResourcesBuildPhase section */
		3F8ABBE223FC68D4007638E8 /* Resources */ = {
			isa = PBXResourcesBuildPhase;
			buildActionMask = 2147483647;
			files = (
				3F8ABBF423FC68D5007638E8 /* LaunchScreen.storyboard in Resources */,
				3F8ABBF123FC68D5007638E8 /* Assets.xcassets in Resources */,
				3F8ABBEF23FC68D4007638E8 /* Main.storyboard in Resources */,
			);
			runOnlyForDeploymentPostprocessing = 0;
		};
/* End PBXResourcesBuildPhase section */

/* Begin PBXSourcesBuildPhase section */
		3F8ABBE023FC68D4007638E8 /* Sources */ = {
			isa = PBXSourcesBuildPhase;
			buildActionMask = 2147483647;
			files = (
				3F8ABBEC23FC68D4007638E8 /* IntroductionViewController.swift in Sources */,
				3F8ABBE823FC68D4007638E8 /* AppDelegate.swift in Sources */,
				3FB6B9D523FDC7AA00CFBC35 /* QuestionViewController.swift in Sources */,
				3F5924152404345000246CC4 /* QuestionData.swift in Sources */,
				3FB6B9D723FDC7C300CFBC35 /* ResultsViewController.swift in Sources */,
				3F8ABBEA23FC68D4007638E8 /* SceneDelegate.swift in Sources */,
			);
			runOnlyForDeploymentPostprocessing = 0;
		};
/* End PBXSourcesBuildPhase section */

/* Begin PBXVariantGroup section */
		3F8ABBED23FC68D4007638E8 /* Main.storyboard */ = {
			isa = PBXVariantGroup;
			children = (
				3F8ABBEE23FC68D4007638E8 /* Base */,
			);
			name = Main.storyboard;
			sourceTree = "<group>";
		};
		3F8ABBF223FC68D5007638E8 /* LaunchScreen.storyboard */ = {
			isa = PBXVariantGroup;
			children = (
				3F8ABBF323FC68D5007638E8 /* Base */,
			);
			name = LaunchScreen.storyboard;
			sourceTree = "<group>";
		};
/* End PBXVariantGroup section */

/* Begin XCBuildConfiguration section */
		3F8ABBF623FC68D5007638E8 /* Debug */ = {
			isa = XCBuildConfiguration;
			buildSettings = {
				ALWAYS_SEARCH_USER_PATHS = NO;
				CLANG_ANALYZER_NONNULL = YES;
				CLANG_ANALYZER_NUMBER_OBJECT_CONVERSION = YES_AGGRESSIVE;
				CLANG_CXX_LANGUAGE_STANDARD = "gnu++14";
				CLANG_CXX_LIBRARY = "libc++";
				CLANG_ENABLE_MODULES = YES;
				CLANG_ENABLE_OBJC_ARC = YES;
				CLANG_ENABLE_OBJC_WEAK = YES;
				CLANG_WARN_BLOCK_CAPTURE_AUTORELEASING = YES;
				CLANG_WARN_BOOL_CONVERSION = YES;
				CLANG_WARN_COMMA = YES;
				CLANG_WARN_CONSTANT_CONVERSION = YES;
				CLANG_WARN_DEPRECATED_OBJC_IMPLEMENTATIONS = YES;
				CLANG_WARN_DIRECT_OBJC_ISA_USAGE = YES_ERROR;
				CLANG_WARN_DOCUMENTATION_COMMENTS = YES;
				CLANG_WARN_EMPTY_BODY = YES;
				CLANG_WARN_ENUM_CONVERSION = YES;
				CLANG_WARN_INFINITE_RECURSION = YES;
				CLANG_WARN_INT_CONVERSION = YES;
				CLANG_WARN_NON_LITERAL_NULL_CONVERSION = YES;
				CLANG_WARN_OBJC_IMPLICIT_RETAIN_SELF = YES;
				CLANG_WARN_OBJC_LITERAL_CONVERSION = YES;
				CLANG_WARN_OBJC_ROOT_CLASS = YES_ERROR;
				CLANG_WARN_RANGE_LOOP_ANALYSIS = YES;
				CLANG_WARN_STRICT_PROTOTYPES = YES;
				CLANG_WARN_SUSPICIOUS_MOVE = YES;
				CLANG_WARN_UNGUARDED_AVAILABILITY = YES_AGGRESSIVE;
				CLANG_WARN_UNREACHABLE_CODE = YES;
				CLANG_WARN__DUPLICATE_METHOD_MATCH = YES;
				COPY_PHASE_STRIP = NO;
				DEBUG_INFORMATION_FORMAT = dwarf;
				ENABLE_STRICT_OBJC_MSGSEND = YES;
				ENABLE_TESTABILITY = YES;
				GCC_C_LANGUAGE_STANDARD = gnu11;
				GCC_DYNAMIC_NO_PIC = NO;
				GCC_NO_COMMON_BLOCKS = YES;
				GCC_OPTIMIZATION_LEVEL = 0;
				GCC_PREPROCESSOR_DEFINITIONS = (
					"DEBUG=1",
					"$(inherited)",
				);
				GCC_WARN_64_TO_32_BIT_CONVERSION = YES;
				GCC_WARN_ABOUT_RETURN_TYPE = YES_ERROR;
				GCC_WARN_UNDECLARED_SELECTOR = YES;
				GCC_WARN_UNINITIALIZED_AUTOS = YES_AGGRESSIVE;
				GCC_WARN_UNUSED_FUNCTION = YES;
				GCC_WARN_UNUSED_VARIABLE = YES;
				IPHONEOS_DEPLOYMENT_TARGET = 13.2;
				MTL_ENABLE_DEBUG_INFO = INCLUDE_SOURCE;
				MTL_FAST_MATH = YES;
				ONLY_ACTIVE_ARCH = YES;
				SDKROOT = iphoneos;
				SWIFT_ACTIVE_COMPILATION_CONDITIONS = DEBUG;
				SWIFT_OPTIMIZATION_LEVEL = "-Onone";
			};
			name = Debug;
		};
		3F8ABBF723FC68D5007638E8 /* Release */ = {
			isa = XCBuildConfiguration;
			buildSettings = {
				ALWAYS_SEARCH_USER_PATHS = NO;
				CLANG_ANALYZER_NONNULL = YES;
				CLANG_ANALYZER_NUMBER_OBJECT_CONVERSION = YES_AGGRESSIVE;
				CLANG_CXX_LANGUAGE_STANDARD = "gnu++14";
				CLANG_CXX_LIBRARY = "libc++";
				CLANG_ENABLE_MODULES = YES;
				CLANG_ENABLE_OBJC_ARC = YES;
				CLANG_ENABLE_OBJC_WEAK = YES;
				CLANG_WARN_BLOCK_CAPTURE_AUTORELEASING = YES;
				CLANG_WARN_BOOL_CONVERSION = YES;
				CLANG_WARN_COMMA = YES;
				CLANG_WARN_CONSTANT_CONVERSION = YES;
				CLANG_WARN_DEPRECATED_OBJC_IMPLEMENTATIONS = YES;
				CLANG_WARN_DIRECT_OBJC_ISA_USAGE = YES_ERROR;
				CLANG_WARN_DOCUMENTATION_COMMENTS = YES;
				CLANG_WARN_EMPTY_BODY = YES;
				CLANG_WARN_ENUM_CONVERSION = YES;
				CLANG_WARN_INFINITE_RECURSION = YES;
				CLANG_WARN_INT_CONVERSION = YES;
				CLANG_WARN_NON_LITERAL_NULL_CONVERSION = YES;
				CLANG_WARN_OBJC_IMPLICIT_RETAIN_SELF = YES;
				CLANG_WARN_OBJC_LITERAL_CONVERSION = YES;
				CLANG_WARN_OBJC_ROOT_CLASS = YES_ERROR;
				CLANG_WARN_RANGE_LOOP_ANALYSIS = YES;
				CLANG_WARN_STRICT_PROTOTYPES = YES;
				CLANG_WARN_SUSPICIOUS_MOVE = YES;
				CLANG_WARN_UNGUARDED_AVAILABILITY = YES_AGGRESSIVE;
				CLANG_WARN_UNREACHABLE_CODE = YES;
				CLANG_WARN__DUPLICATE_METHOD_MATCH = YES;
				COPY_PHASE_STRIP = NO;
				DEBUG_INFORMATION_FORMAT = "dwarf-with-dsym";
				ENABLE_NS_ASSERTIONS = NO;
				ENABLE_STRICT_OBJC_MSGSEND = YES;
				GCC_C_LANGUAGE_STANDARD = gnu11;
				GCC_NO_COMMON_BLOCKS = YES;
				GCC_WARN_64_TO_32_BIT_CONVERSION = YES;
				GCC_WARN_ABOUT_RETURN_TYPE = YES_ERROR;
				GCC_WARN_UNDECLARED_SELECTOR = YES;
				GCC_WARN_UNINITIALIZED_AUTOS = YES_AGGRESSIVE;
				GCC_WARN_UNUSED_FUNCTION = YES;
				GCC_WARN_UNUSED_VARIABLE = YES;
				IPHONEOS_DEPLOYMENT_TARGET = 13.2;
				MTL_ENABLE_DEBUG_INFO = NO;
				MTL_FAST_MATH = YES;
				SDKROOT = iphoneos;
				SWIFT_COMPILATION_MODE = wholemodule;
				SWIFT_OPTIMIZATION_LEVEL = "-O";
				VALIDATE_PRODUCT = YES;
			};
			name = Release;
		};
		3F8ABBF923FC68D5007638E8 /* Debug */ = {
			isa = XCBuildConfiguration;
			buildSettings = {
				ASSETCATALOG_COMPILER_APPICON_NAME = AppIcon;
				CLANG_ENABLE_MODULES = YES;
				CODE_SIGN_STYLE = Automatic;
				INFOPLIST_FILE = PersonalityQuiz/Info.plist;
				LD_RUNPATH_SEARCH_PATHS = (
					"$(inherited)",
					"@executable_path/Frameworks",
				);
				PRODUCT_BUNDLE_IDENTIFIER = ame.asu.edu.PersonalityQuiz;
				PRODUCT_NAME = "$(TARGET_NAME)";
				SWIFT_OBJC_BRIDGING_HEADER = "PersonalityQuiz/PersonalityQuiz-Bridging-Header.h";
				SWIFT_OPTIMIZATION_LEVEL = "-Onone";
				SWIFT_VERSION = 5.0;
				TARGETED_DEVICE_FAMILY = "1,2";
			};
			name = Debug;
		};
		3F8ABBFA23FC68D5007638E8 /* Release */ = {
			isa = XCBuildConfiguration;
			buildSettings = {
				ASSETCATALOG_COMPILER_APPICON_NAME = AppIcon;
				CLANG_ENABLE_MODULES = YES;
				CODE_SIGN_STYLE = Automatic;
				INFOPLIST_FILE = PersonalityQuiz/Info.plist;
				LD_RUNPATH_SEARCH_PATHS = (
					"$(inherited)",
					"@executable_path/Frameworks",
				);
				PRODUCT_BUNDLE_IDENTIFIER = ame.asu.edu.PersonalityQuiz;
				PRODUCT_NAME = "$(TARGET_NAME)";
				SWIFT_OBJC_BRIDGING_HEADER = "PersonalityQuiz/PersonalityQuiz-Bridging-Header.h";
				SWIFT_VERSION = 5.0;
				TARGETED_DEVICE_FAMILY = "1,2";
			};
			name = Release;
		};
/* End XCBuildConfiguration section */

/* Begin XCConfigurationList section */
		3F8ABBDF23FC68D4007638E8 /* Build configuration list for PBXProject "PersonalityQuiz" */ = {
			isa = XCConfigurationList;
			buildConfigurations = (
				3F8ABBF623FC68D5007638E8 /* Debug */,
				3F8ABBF723FC68D5007638E8 /* Release */,
			);
			defaultConfigurationIsVisible = 0;
			defaultConfigurationName = Release;
		};
		3F8ABBF823FC68D5007638E8 /* Build configuration list for PBXNativeTarget "PersonalityQuiz" */ = {
			isa = XCConfigurationList;
			buildConfigurations = (
				3F8ABBF923FC68D5007638E8 /* Debug */,
				3F8ABBFA23FC68D5007638E8 /* Release */,
			);
			defaultConfigurationIsVisible = 0;
			defaultConfigurationName = Release;
		};
/* End XCConfigurationList section */
	};
	rootObject = 3F8ABBDC23FC68D4007638E8 /* Project object */;
}
