// !$*UTF8*$!
{
	archiveVersion = 1;
	classes = {
	};
	objectVersion = 50;
	objects = {

/* Begin PBXBuildFile section */
		AC474D26240CCCDB00E6BC4A /* AppDelegate.swift in Sources */ = {isa = PBXBuildFile; fileRef = AC474D25240CCCDB00E6BC4A /* AppDelegate.swift */; };
		AC474D28240CCCDB00E6BC4A /* SceneDelegate.swift in Sources */ = {isa = PBXBuildFile; fileRef = AC474D27240CCCDB00E6BC4A /* SceneDelegate.swift */; };
		AC474D2D240CCCDB00E6BC4A /* Main.storyboard in Resources */ = {isa = PBXBuildFile; fileRef = AC474D2B240CCCDB00E6BC4A /* Main.storyboard */; };
		AC474D2F240CCCE000E6BC4A /* Assets.xcassets in Resources */ = {isa = PBXBuildFile; fileRef = AC474D2E240CCCE000E6BC4A /* Assets.xcassets */; };
		AC474D32240CCCE000E6BC4A /* LaunchScreen.storyboard in Resources */ = {isa = PBXBuildFile; fileRef = AC474D30240CCCE000E6BC4A /* LaunchScreen.storyboard */; };
		AC474D3A240CCF2100E6BC4A /* ToDo.swift in Sources */ = {isa = PBXBuildFile; fileRef = AC474D39240CCF2100E6BC4A /* ToDo.swift */; };
		AC474D3C240CCFDC00E6BC4A /* ToDoTableViewController.swift in Sources */ = {isa = PBXBuildFile; fileRef = AC474D3B240CCFDC00E6BC4A /* ToDoTableViewController.swift */; };
		AC474D3E240CEC9D00E6BC4A /* ToDoViewController.swift in Sources */ = {isa = PBXBuildFile; fileRef = AC474D3D240CEC9D00E6BC4A /* ToDoViewController.swift */; };
		AC474D40240CFDB900E6BC4A /* ToDoCell.swift in Sources */ = {isa = PBXBuildFile; fileRef = AC474D3F240CFDB900E6BC4A /* ToDoCell.swift */; };
/* End PBXBuildFile section */

/* Begin PBXFileReference section */
		AC474D22240CCCDB00E6BC4A /* ToDoList.app */ = {isa = PBXFileReference; explicitFileType = wrapper.application; includeInIndex = 0; path = ToDoList.app; sourceTree = BUILT_PRODUCTS_DIR; };
		AC474D25240CCCDB00E6BC4A /* AppDelegate.swift */ = {isa = PBXFileReference; lastKnownFileType = sourcecode.swift; path = AppDelegate.swift; sourceTree = "<group>"; };
		AC474D27240CCCDB00E6BC4A /* SceneDelegate.swift */ = {isa = PBXFileReference; lastKnownFileType = sourcecode.swift; path = SceneDelegate.swift; sourceTree = "<group>"; };
		AC474D2C240CCCDB00E6BC4A /* Base */ = {isa = PBXFileReference; lastKnownFileType = file.storyboard; name = Base; path = Base.lproj/Main.storyboard; sourceTree = "<group>"; };
		AC474D2E240CCCE000E6BC4A /* Assets.xcassets */ = {isa = PBXFileReference; lastKnownFileType = folder.assetcatalog; path = Assets.xcassets; sourceTree = "<group>"; };
		AC474D31240CCCE000E6BC4A /* Base */ = {isa = PBXFileReference; lastKnownFileType = file.storyboard; name = Base; path = Base.lproj/LaunchScreen.storyboard; sourceTree = "<group>"; };
		AC474D33240CCCE000E6BC4A /* Info.plist */ = {isa = PBXFileReference; lastKnownFileType = text.plist.xml; path = Info.plist; sourceTree = "<group>"; };
		AC474D39240CCF2100E6BC4A /* ToDo.swift */ = {isa = PBXFileReference; lastKnownFileType = sourcecode.swift; path = ToDo.swift; sourceTree = "<group>"; };
		AC474D3B240CCFDC00E6BC4A /* ToDoTableViewController.swift */ = {isa = PBXFileReference; lastKnownFileType = sourcecode.swift; path = ToDoTableViewController.swift; sourceTree = "<group>"; };
		AC474D3D240CEC9D00E6BC4A /* ToDoViewController.swift */ = {isa = PBXFileReference; lastKnownFileType = sourcecode.swift; path = ToDoViewController.swift; sourceTree = "<group>"; };
		AC474D3F240CFDB900E6BC4A /* ToDoCell.swift */ = {isa = PBXFileReference; lastKnownFileType = sourcecode.swift; path = ToDoCell.swift; sourceTree = "<group>"; };
/* End PBXFileReference section */

/* Begin PBXFrameworksBuildPhase section */
		AC474D1F240CCCDB00E6BC4A /* Frameworks */ = {
			isa = PBXFrameworksBuildPhase;
			buildActionMask = 2147483647;
			files = (
			);
			runOnlyForDeploymentPostprocessing = 0;
		};
/* End PBXFrameworksBuildPhase section */

/* Begin PBXGroup section */
		AC474D19240CCCDB00E6BC4A = {
			isa = PBXGroup;
			children = (
				AC474D24240CCCDB00E6BC4A /* ToDoList */,
				AC474D23240CCCDB00E6BC4A /* Products */,
			);
			sourceTree = "<group>";
		};
		AC474D23240CCCDB00E6BC4A /* Products */ = {
			isa = PBXGroup;
			children = (
				AC474D22240CCCDB00E6BC4A /* ToDoList.app */,
			);
			name = Products;
			sourceTree = "<group>";
		};
		AC474D24240CCCDB00E6BC4A /* ToDoList */ = {
			isa = PBXGroup;
			children = (
				AC474D25240CCCDB00E6BC4A /* AppDelegate.swift */,
				AC474D27240CCCDB00E6BC4A /* SceneDelegate.swift */,
				AC474D2B240CCCDB00E6BC4A /* Main.storyboard */,
				AC474D3D240CEC9D00E6BC4A /* ToDoViewController.swift */,
				AC474D3F240CFDB900E6BC4A /* ToDoCell.swift */,
				AC474D39240CCF2100E6BC4A /* ToDo.swift */,
				AC474D3B240CCFDC00E6BC4A /* ToDoTableViewController.swift */,
				AC474D2E240CCCE000E6BC4A /* Assets.xcassets */,
				AC474D30240CCCE000E6BC4A /* LaunchScreen.storyboard */,
				AC474D33240CCCE000E6BC4A /* Info.plist */,
			);
			path = ToDoList;
			sourceTree = "<group>";
		};
/* End PBXGroup section */

/* Begin PBXNativeTarget section */
		AC474D21240CCCDB00E6BC4A /* ToDoList */ = {
			isa = PBXNativeTarget;
			buildConfigurationList = AC474D36240CCCE000E6BC4A /* Build configuration list for PBXNativeTarget "ToDoList" */;
			buildPhases = (
				AC474D1E240CCCDB00E6BC4A /* Sources */,
				AC474D1F240CCCDB00E6BC4A /* Frameworks */,
				AC474D20240CCCDB00E6BC4A /* Resources */,
			);
			buildRules = (
			);
			dependencies = (
			);
			name = ToDoList;
			productName = ToDoList;
			productReference = AC474D22240CCCDB00E6BC4A /* ToDoList.app */;
			productType = "com.apple.product-type.application";
		};
/* End PBXNativeTarget section */

/* Begin PBXProject section */
		AC474D1A240CCCDB00E6BC4A /* Project object */ = {
			isa = PBXProject;
			attributes = {
				LastSwiftUpdateCheck = 1130;
				LastUpgradeCheck = 1130;
				ORGANIZATIONNAME = ASU;
				TargetAttributes = {
					AC474D21240CCCDB00E6BC4A = {
						CreatedOnToolsVersion = 11.3.1;
					};
				};
			};
			buildConfigurationList = AC474D1D240CCCDB00E6BC4A /* Build configuration list for PBXProject "ToDoList" */;
			compatibilityVersion = "Xcode 9.3";
			developmentRegion = en;
			hasScannedForEncodings = 0;
			knownRegions = (
				en,
				Base,
			);
			mainGroup = AC474D19240CCCDB00E6BC4A;
			productRefGroup = AC474D23240CCCDB00E6BC4A /* Products */;
			projectDirPath = "";
			projectRoot = "";
			targets = (
				AC474D21240CCCDB00E6BC4A /* ToDoList */,
			);
		};
/* End PBXProject section */

/* Begin PBXResourcesBuildPhase section */
		AC474D20240CCCDB00E6BC4A /* Resources */ = {
			isa = PBXResourcesBuildPhase;
			buildActionMask = 2147483647;
			files = (
				AC474D32240CCCE000E6BC4A /* LaunchScreen.storyboard in Resources */,
				AC474D2F240CCCE000E6BC4A /* Assets.xcassets in Resources */,
				AC474D2D240CCCDB00E6BC4A /* Main.storyboard in Resources */,
			);
			runOnlyForDeploymentPostprocessing = 0;
		};
/* End PBXResourcesBuildPhase section */

/* Begin PBXSourcesBuildPhase section */
		AC474D1E240CCCDB00E6BC4A /* Sources */ = {
			isa = PBXSourcesBuildPhase;
			buildActionMask = 2147483647;
			files = (
				AC474D3E240CEC9D00E6BC4A /* ToDoViewController.swift in Sources */,
				AC474D40240CFDB900E6BC4A /* ToDoCell.swift in Sources */,
				AC474D3A240CCF2100E6BC4A /* ToDo.swift in Sources */,
				AC474D3C240CCFDC00E6BC4A /* ToDoTableViewController.swift in Sources */,
				AC474D26240CCCDB00E6BC4A /* AppDelegate.swift in Sources */,
				AC474D28240CCCDB00E6BC4A /* SceneDelegate.swift in Sources */,
			);
			runOnlyForDeploymentPostprocessing = 0;
		};
/* End PBXSourcesBuildPhase section */

/* Begin PBXVariantGroup section */
		AC474D2B240CCCDB00E6BC4A /* Main.storyboard */ = {
			isa = PBXVariantGroup;
			children = (
				AC474D2C240CCCDB00E6BC4A /* Base */,
			);
			name = Main.storyboard;
			sourceTree = "<group>";
		};
		AC474D30240CCCE000E6BC4A /* LaunchScreen.storyboard */ = {
			isa = PBXVariantGroup;
			children = (
				AC474D31240CCCE000E6BC4A /* Base */,
			);
			name = LaunchScreen.storyboard;
			sourceTree = "<group>";
		};
/* End PBXVariantGroup section */

/* Begin XCBuildConfiguration section */
		AC474D34240CCCE000E6BC4A /* Debug */ = {
			isa = XCBuildConfiguration;
			buildSettings = {
				ALWAYS_SEARCH_USER_PATHS = NO;
				CLANG_ANALYZER_NONNULL = YES;
				CLANG_ANALYZER_NUMBER_OBJECT_CONVERSION = YES_AGGRESSIVE;
				CLANG_CXX_LANGUAGE_STANDARD = "gnu++14";
				CLANG_CXX_LIBRARY = "libc++";
				CLANG_ENABLE_MODULES = YES;
				CLANG_ENABLE_OBJC_ARC = YES;
				CLANG_ENABLE_OBJC_WEAK = YES;
				CLANG_WARN_BLOCK_CAPTURE_AUTORELEASING = YES;
				CLANG_WARN_BOOL_CONVERSION = YES;
				CLANG_WARN_COMMA = YES;
				CLANG_WARN_CONSTANT_CONVERSION = YES;
				CLANG_WARN_DEPRECATED_OBJC_IMPLEMENTATIONS = YES;
				CLANG_WARN_DIRECT_OBJC_ISA_USAGE = YES_ERROR;
				CLANG_WARN_DOCUMENTATION_COMMENTS = YES;
				CLANG_WARN_EMPTY_BODY = YES;
				CLANG_WARN_ENUM_CONVERSION = YES;
				CLANG_WARN_INFINITE_RECURSION = YES;
				CLANG_WARN_INT_CONVERSION = YES;
				CLANG_WARN_NON_LITERAL_NULL_CONVERSION = YES;
				CLANG_WARN_OBJC_IMPLICIT_RETAIN_SELF = YES;
				CLANG_WARN_OBJC_LITERAL_CONVERSION = YES;
				CLANG_WARN_OBJC_ROOT_CLASS = YES_ERROR;
				CLANG_WARN_RANGE_LOOP_ANALYSIS = YES;
				CLANG_WARN_STRICT_PROTOTYPES = YES;
				CLANG_WARN_SUSPICIOUS_MOVE = YES;
				CLANG_WARN_UNGUARDED_AVAILABILITY = YES_AGGRESSIVE;
				CLANG_WARN_UNREACHABLE_CODE = YES;
				CLANG_WARN__DUPLICATE_METHOD_MATCH = YES;
				COPY_PHASE_STRIP = NO;
				DEBUG_INFORMATION_FORMAT = dwarf;
				ENABLE_STRICT_OBJC_MSGSEND = YES;
				ENABLE_TESTABILITY = YES;
				GCC_C_LANGUAGE_STANDARD = gnu11;
				GCC_DYNAMIC_NO_PIC = NO;
				GCC_NO_COMMON_BLOCKS = YES;
				GCC_OPTIMIZATION_LEVEL = 0;
				GCC_PREPROCESSOR_DEFINITIONS = (
					"DEBUG=1",
					"$(inherited)",
				);
				GCC_WARN_64_TO_32_BIT_CONVERSION = YES;
				GCC_WARN_ABOUT_RETURN_TYPE = YES_ERROR;
				GCC_WARN_UNDECLARED_SELECTOR = YES;
				GCC_WARN_UNINITIALIZED_AUTOS = YES_AGGRESSIVE;
				GCC_WARN_UNUSED_FUNCTION = YES;
				GCC_WARN_UNUSED_VARIABLE = YES;
				IPHONEOS_DEPLOYMENT_TARGET = 13.2;
				MTL_ENABLE_DEBUG_INFO = INCLUDE_SOURCE;
				MTL_FAST_MATH = YES;
				ONLY_ACTIVE_ARCH = YES;
				SDKROOT = iphoneos;
				SWIFT_ACTIVE_COMPILATION_CONDITIONS = DEBUG;
				SWIFT_OPTIMIZATION_LEVEL = "-Onone";
			};
			name = Debug;
		};
		AC474D35240CCCE000E6BC4A /* Release */ = {
			isa = XCBuildConfiguration;
			buildSettings = {
				ALWAYS_SEARCH_USER_PATHS = NO;
				CLANG_ANALYZER_NONNULL = YES;
				CLANG_ANALYZER_NUMBER_OBJECT_CONVERSION = YES_AGGRESSIVE;
				CLANG_CXX_LANGUAGE_STANDARD = "gnu++14";
				CLANG_CXX_LIBRARY = "libc++";
				CLANG_ENABLE_MODULES = YES;
				CLANG_ENABLE_OBJC_ARC = YES;
				CLANG_ENABLE_OBJC_WEAK = YES;
				CLANG_WARN_BLOCK_CAPTURE_AUTORELEASING = YES;
				CLANG_WARN_BOOL_CONVERSION = YES;
				CLANG_WARN_COMMA = YES;
				CLANG_WARN_CONSTANT_CONVERSION = YES;
				CLANG_WARN_DEPRECATED_OBJC_IMPLEMENTATIONS = YES;
				CLANG_WARN_DIRECT_OBJC_ISA_USAGE = YES_ERROR;
				CLANG_WARN_DOCUMENTATION_COMMENTS = YES;
				CLANG_WARN_EMPTY_BODY = YES;
				CLANG_WARN_ENUM_CONVERSION = YES;
				CLANG_WARN_INFINITE_RECURSION = YES;
				CLANG_WARN_INT_CONVERSION = YES;
				CLANG_WARN_NON_LITERAL_NULL_CONVERSION = YES;
				CLANG_WARN_OBJC_IMPLICIT_RETAIN_SELF = YES;
				CLANG_WARN_OBJC_LITERAL_CONVERSION = YES;
				CLANG_WARN_OBJC_ROOT_CLASS = YES_ERROR;
				CLANG_WARN_RANGE_LOOP_ANALYSIS = YES;
				CLANG_WARN_STRICT_PROTOTYPES = YES;
				CLANG_WARN_SUSPICIOUS_MOVE = YES;
				CLANG_WARN_UNGUARDED_AVAILABILITY = YES_AGGRESSIVE;
				CLANG_WARN_UNREACHABLE_CODE = YES;
				CLANG_WARN__DUPLICATE_METHOD_MATCH = YES;
				COPY_PHASE_STRIP = NO;
				DEBUG_INFORMATION_FORMAT = "dwarf-with-dsym";
				ENABLE_NS_ASSERTIONS = NO;
				ENABLE_STRICT_OBJC_MSGSEND = YES;
				GCC_C_LANGUAGE_STANDARD = gnu11;
				GCC_NO_COMMON_BLOCKS = YES;
				GCC_WARN_64_TO_32_BIT_CONVERSION = YES;
				GCC_WARN_ABOUT_RETURN_TYPE = YES_ERROR;
				GCC_WARN_UNDECLARED_SELECTOR = YES;
				GCC_WARN_UNINITIALIZED_AUTOS = YES_AGGRESSIVE;
				GCC_WARN_UNUSED_FUNCTION = YES;
				GCC_WARN_UNUSED_VARIABLE = YES;
				IPHONEOS_DEPLOYMENT_TARGET = 13.2;
				MTL_ENABLE_DEBUG_INFO = NO;
				MTL_FAST_MATH = YES;
				SDKROOT = iphoneos;
				SWIFT_COMPILATION_MODE = wholemodule;
				SWIFT_OPTIMIZATION_LEVEL = "-O";
				VALIDATE_PRODUCT = YES;
			};
			name = Release;
		};
		AC474D37240CCCE000E6BC4A /* Debug */ = {
			isa = XCBuildConfiguration;
			buildSettings = {
				ASSETCATALOG_COMPILER_APPICON_NAME = AppIcon;
				CODE_SIGN_STYLE = Automatic;
				INFOPLIST_FILE = ToDoList/Info.plist;
				LD_RUNPATH_SEARCH_PATHS = (
					"$(inherited)",
					"@executable_path/Frameworks",
				);
				PRODUCT_BUNDLE_IDENTIFIER = edu.asu.ame.ToDoList;
				PRODUCT_NAME = "$(TARGET_NAME)";
				SWIFT_VERSION = 5.0;
				TARGETED_DEVICE_FAMILY = "1,2";
			};
			name = Debug;
		};
		AC474D38240CCCE000E6BC4A /* Release */ = {
			isa = XCBuildConfiguration;
			buildSettings = {
				ASSETCATALOG_COMPILER_APPICON_NAME = AppIcon;
				CODE_SIGN_STYLE = Automatic;
				INFOPLIST_FILE = ToDoList/Info.plist;
				LD_RUNPATH_SEARCH_PATHS = (
					"$(inherited)",
					"@executable_path/Frameworks",
				);
				PRODUCT_BUNDLE_IDENTIFIER = edu.asu.ame.ToDoList;
				PRODUCT_NAME = "$(TARGET_NAME)";
				SWIFT_VERSION = 5.0;
				TARGETED_DEVICE_FAMILY = "1,2";
			};
			name = Release;
		};
/* End XCBuildConfiguration section */

/* Begin XCConfigurationList section */
		AC474D1D240CCCDB00E6BC4A /* Build configuration list for PBXProject "ToDoList" */ = {
			isa = XCConfigurationList;
			buildConfigurations = (
				AC474D34240CCCE000E6BC4A /* Debug */,
				AC474D35240CCCE000E6BC4A /* Release */,
			);
			defaultConfigurationIsVisible = 0;
			defaultConfigurationName = Release;
		};
		AC474D36240CCCE000E6BC4A /* Build configuration list for PBXNativeTarget "ToDoList" */ = {
			isa = XCConfigurationList;
			buildConfigurations = (
				AC474D37240CCCE000E6BC4A /* Debug */,
				AC474D38240CCCE000E6BC4A /* Release */,
			);
			defaultConfigurationIsVisible = 0;
			defaultConfigurationName = Release;
		};
/* End XCConfigurationList section */
	};
	rootObject = AC474D1A240CCCDB00E6BC4A /* Project object */;
}
